{
  "pins" : [
    {
      "identity" : "cborcoding",
      "kind" : "remoteSourceControl",
      "location" : "https://github.com/SomeRandomiOSDev/CBORCoding.git",
      "state" : {
        "revision" : "6fbd643c64cf6ef7a98391820c372d05fa9ed9ab",
        "version" : "1.4.0"
      }
    },
    {
      "identity" : "half",
      "kind" : "remoteSourceControl",
      "location" : "https://github.com/SomeRandomiOSDev/Half",
      "state" : {
        "revision" : "14b1ab35ffdf62c999ef1016ec0f8e745a6feed5",
        "version" : "1.4.2"
      }
    },
    {
      "identity" : "swift-docc-plugin",
      "kind" : "remoteSourceControl",
      "location" : "https://github.com/apple/swift-docc-plugin",
      "state" : {
        "revision" : "26ac5758409154cc448d7ab82389c520fa8a8247",
        "version" : "1.3.0"
      }
    },
    {
      "identity" : "swift-docc-symbolkit",
      "kind" : "remoteSourceControl",
      "location" : "https://github.com/apple/swift-docc-symbolkit",
      "state" : {
        "revision" : "b45d1f2ed151d057b54504d653e0da5552844e34",
        "version" : "1.0.0"
      }
    },
    {
      "identity" : "swift-log",
      "kind" : "remoteSourceControl",
      "location" : "https://github.com/apple/swift-log.git",
      "state" : {
        "revision" : "e97a6fcb1ab07462881ac165fdbb37f067e205d5",
        "version" : "1.5.4"
      }
    },
    {
      "identity" : "swiftsoup",
      "kind" : "remoteSourceControl",
      "location" : "https://github.com/scinfu/SwiftSoup.git",
      "state" : {
        "revision" : "f83c097597094a04124eb6e0d1e894d24129af87",
        "version" : "2.7.0"
      }
    }
  ],
  "version" : 2
}
